
Microsoft Visual Studio Solution File, Format Version 12.00
# Visual Studio Version 16
VisualStudioVersion = 16.0.32002.261
MinimumVisualStudioVersion = 10.0.40219.1
Project("{FAE04EC0-301F-11D3-BF4B-00C04F79EFBC}") = "DovizKuruOku", "DovizKuruOku\DovizKuruOku.csproj", "{77A91359-5E70-49C9-8BA8-370EA8C18A28}"
EndProject
Global
	GlobalSection(SolutionConfigurationPlatforms) = preSolution
		Debug|Any CPU = Debug|Any CPU
		Release|Any CPU = Release|Any CPU
	EndGlobalSection
	GlobalSection(ProjectConfigurationPlatforms) = postSolution
		{77A91359-5E70-49C9-8BA8-370EA8C18A28}.Debug|Any CPU.ActiveCfg = Debug|Any CPU
		{77A91359-5E70-49C9-8BA8-370EA8C18A28}.Debug|Any CPU.Build.0 = Debug|Any CPU
		{77A91359-5E70-49C9-8BA8-370EA8C18A28}.Release|Any CPU.ActiveCfg = Release|Any CPU
		{77A91359-5E70-49C9-8BA8-370EA8C18A28}.Release|Any CPU.Build.0 = Release|Any CPU
	EndGlobalSection
	GlobalSection(SolutionProperties) = preSolution
		HideSolutionNode = FALSE
	EndGlobalSection
	GlobalSection(ExtensibilityGlobals) = postSolution
		SolutionGuid = {6D0D3A76-A2CB-4547-8F44-9231DFE83A91}
	EndGlobalSection
EndGlobal
